PODS:
  - ActiveLabel (1.1.0)
  - Alamofire (5.4.4)
  - BBNetworkEx (1.0.0):
    - ESPullToRefresh
    - LWExtensionKit/UIKit
    - LWNetwork
    - SnapKit
    - Then
    - Toast-Swift
  - BonMot (5.6.0)
  - CocoaLumberjack/Core (3.6.2)
  - CocoaLumberjack/Swift (3.6.2):
    - CocoaLumberjack/Core
  - Differentiator (4.0.1)
  - Dollar (9.0.0)
  - dsBridge (3.0.6)
  - EachNavigationBar (1.14.5)
  - EmptyKit (4.2.0)
  - ESPullToRefresh (2.9.3)
  - FSPagerView (0.8.3)
  - JXSegmentedView (1.2.7)
  - Kingfisher (5.15.8):
    - Kingfisher/Core (= 5.15.8)
  - Kingfisher/Core (5.15.8)
  - LWExtensionKit (1.0.0):
    - LWExtensionKit/Base (= 1.0.0)
    - LWExtensionKit/Foundation (= 1.0.0)
    - LWExtensionKit/UIKit (= 1.0.0)
  - LWExtensionKit/Base (1.0.0)
  - LWExtensionKit/Foundation (1.0.0):
    - LWExtensionKit/Base
    - LWExtensionKit/Foundation/String (= 1.0.0)
  - LWExtensionKit/Foundation/String (1.0.0):
    - LWExtensionKit/Base
  - LWExtensionKit/UIKit (1.0.0):
    - LWExtensionKit/Base
    - LWExtensionKit/UIKit/UIColor (= 1.0.0)
    - LWExtensionKit/UIKit/UIDevice (= 1.0.0)
    - LWExtensionKit/UIKit/UIViewController (= 1.0.0)
  - LWExtensionKit/UIKit/UIColor (1.0.0):
    - LWExtensionKit/Base
  - LWExtensionKit/UIKit/UIDevice (1.0.0):
    - LWExtensionKit/Base
  - LWExtensionKit/UIKit/UIViewController (1.0.0):
    - LWExtensionKit/Base
  - LWNetwork (1.0.0):
    - LWNetwork/Cache (= 1.0.0)
    - LWNetwork/Core (= 1.0.0)
    - LWNetwork/MoyaSugar (= 1.0.0)
    - Moya
    - ObjectMapper
    - RxCocoa
    - RxSwift
  - LWNetwork/Cache (1.0.0):
    - LWNetwork/Core
    - Moya
    - ObjectMapper
    - RxCocoa
    - RxSwift
  - LWNetwork/Core (1.0.0):
    - LWNetwork/MoyaSugar
    - Moya
    - ObjectMapper
    - RxCocoa
    - RxSwift
  - LWNetwork/MoyaSugar (1.0.0):
    - Moya
    - ObjectMapper
    - RxCocoa
    - RxSwift
  - Moya (14.0.0):
    - Moya/Core (= 14.0.0)
  - Moya/Core (14.0.0):
    - Alamofire (~> 5.0)
  - Moya/RxSwift (14.0.0):
    - Moya/Core
    - RxSwift (~> 5.0)
  - ObjectMapper (4.2.0)
  - QuickLayout (3.0.0)
  - ReactorKit (2.1.1):
    - RxSwift (~> 5.0)
    - WeakMapTable (~> 1.1)
  - RxCocoa (5.1.3):
    - RxRelay (~> 5)
    - RxSwift (~> 5)
  - RxDataSources (4.0.1):
    - Differentiator (~> 4.0)
    - RxCocoa (~> 5.0)
    - RxSwift (~> 5.0)
  - RxGesture (3.0.2):
    - RxCocoa (~> 5.1)
    - RxSwift (~> 5.1)
  - RxOptional (4.1.0):
    - RxCocoa (~> 5)
    - RxSwift (~> 5)
  - RxRelay (5.1.3):
    - RxSwift (~> 5)
  - RxSwift (5.1.3)
  - RxTheme (4.1.1):
    - RxCocoa (~> 5.0)
    - RxSwift (~> 5.0)
  - SnapKit (5.0.1)
  - SwiftDate (6.1.0)
  - SwiftEntryKit (1.2.7):
    - QuickLayout (= 3.0.0)
  - SwiftLint (0.40.3)
  - SwiftyImage (1.5.2)
  - SwiftyUserDefaults (5.0.0)
  - Then (2.7.0)
  - Tiercel (3.2.4)
  - Toast-Swift (5.0.1)
  - URLNavigator (2.3.0)
  - WeakMapTable (1.2.0)
  - ZIKRouter/ServiceRouter (1.1.1)
  - ZIKRouter/ViewRouter (1.1.1):
    - ZIKRouter/ServiceRouter
  - ZRouter (1.1.1):
    - ZRouter/ServiceRouter (= 1.1.1)
    - ZRouter/ViewRouter (= 1.1.1)
  - ZRouter/ServiceRouter (1.1.1):
    - ZIKRouter/ServiceRouter (>= 1.1.1)
  - ZRouter/ViewRouter (1.1.1):
    - ZIKRouter/ViewRouter (>= 1.1.1)
    - ZRouter/ServiceRouter

DEPENDENCIES:
  - ActiveLabel (~> 1.1.0)
  - BBNetworkEx (from `./LocalLib/BBNetworkEx`)
  - BonMot (~> 5.6.0)
  - CocoaLumberjack/Swift (~> 3.6.2)
  - Dollar (~> 9.0.0)
  - dsBridge (~> 3.0.6)
  - EachNavigationBar (~> 1.14.4)
  - EmptyKit (~> 4.2.0)
  - ESPullToRefresh (~> 2.9.3)
  - FSPagerView (~> 0.8.3)
  - JXSegmentedView (~> 1.2.7)
  - Kingfisher (~> 5.15.3)
  - LWExtensionKit (from `./LocalLib/LWExtensionKit`)
  - LWNetwork (from `./LocalLib/LWNetwork`)
  - Moya/RxSwift (~> 14.0.0)
  - ObjectMapper (~> 4.2.0)
  - ReactorKit (~> 2.1.0)
  - RxCocoa (~> 5.1.1)
  - RxDataSources (~> 4.0.1)
  - RxGesture (~> 3.0.2)
  - RxOptional (~> 4.1.0)
  - RxTheme (~> 4.1.1)
  - SnapKit (~> 5.0.1)
  - SwiftDate (~> 6.1.0)
  - SwiftEntryKit (~> 1.2.5)
  - SwiftLint (~> 0.40.3)
  - SwiftyImage (~> 1.5.2)
  - SwiftyUserDefaults (~> 5.0.0)
  - Then (~> 2.7.0)
  - Tiercel (~> 3.2.0)
  - Toast-Swift (~> 5.0.1)
  - URLNavigator (~> 2.3.0)
  - ZRouter (= 1.1.1)

SPEC REPOS:
  https://github.com/CocoaPods/Specs.git:
    - ActiveLabel
    - Alamofire
    - BonMot
    - CocoaLumberjack
    - Differentiator
    - Dollar
    - dsBridge
    - EachNavigationBar
    - EmptyKit
    - ESPullToRefresh
    - FSPagerView
    - JXSegmentedView
    - Kingfisher
    - Moya
    - ObjectMapper
    - QuickLayout
    - ReactorKit
    - RxCocoa
    - RxDataSources
    - RxGesture
    - RxOptional
    - RxRelay
    - RxSwift
    - RxTheme
    - SnapKit
    - SwiftDate
    - SwiftEntryKit
    - SwiftLint
    - SwiftyImage
    - SwiftyUserDefaults
    - Then
    - Tiercel
    - Toast-Swift
    - URLNavigator
    - WeakMapTable
    - ZIKRouter
    - ZRouter

EXTERNAL SOURCES:
  BBNetworkEx:
    :path: "./LocalLib/BBNetworkEx"
  LWExtensionKit:
    :path: "./LocalLib/LWExtensionKit"
  LWNetwork:
    :path: "./LocalLib/LWNetwork"

SPEC CHECKSUMS:
  ActiveLabel: 5e3f4de79a1952d4604b845a0610d4776e4b82b3
  Alamofire: f3b09a368f1582ab751b3fff5460276e0d2cf5c9
  BBNetworkEx: b1f880fbc003c818c894f1af690f543b708730a2
  BonMot: 2217a66e5ddc6a8d2ffb759fe8c85a8528e0d3e7
  CocoaLumberjack: bd155f2dd06c0e0b03f876f7a3ee55693122ec94
  Differentiator: 886080237d9f87f322641dedbc5be257061b0602
  Dollar: 2fc9bdeeb2d3ae1f251461803240d5c93829ee0c
  dsBridge: 48b62ee8a411ad601a88d6f6c8cf6cb634b206b7
  EachNavigationBar: 5a35d264688f7463042c7eb71799cb232ee44df1
  EmptyKit: 95d75cad79476379124e929488116e409043c1d5
  ESPullToRefresh: 0d68daa602b343c81753a1b95e09fd0bfcddfd40
  FSPagerView: 670405b2f18e2a87fa37f20b00de783e562c25a8
  JXSegmentedView: eb1cad21f57c2543c00c3e08b8fd3c7ca54f5acd
  Kingfisher: a3c03d702433fa6cfedabb2bddbe076fb8f2e902
  LWExtensionKit: 62b0724aa51e520c7c01304373a87d9d9fd4a527
  LWNetwork: e88fe086cb4759b77a3e4960df5edc5341e7a471
  Moya: 5b45dacb75adb009f97fde91c204c1e565d31916
  ObjectMapper: 1eb41f610210777375fa806bf161dc39fb832b81
  QuickLayout: 07b45a72b10083fee3f095990cfed1c1e7b27f0a
  ReactorKit: 6d894a20c3d508344320901cd8e386fde92df4b6
  RxCocoa: e2ed092d5432e4296aa818021d27de4090ac0354
  RxDataSources: efee07fa4de48477eca0a4611e6d11e2da9c1114
  RxGesture: d6bd7447ca3a596c7a9702a6a2b6a2bb5d8bae54
  RxOptional: b1fcd60856807a564c0215c2184b8d33e7826dc2
  RxRelay: 5a18c2eb2d68326ebaf0112f80d837ae41b92b97
  RxSwift: 915abbdfb62214aa89ccd0b194d44fb478019b27
  RxTheme: 7cda2f036363a0b620cf07b3480cbbbbb00c1d25
  SnapKit: 97b92857e3df3a0c71833cce143274bf6ef8e5eb
  SwiftDate: fa2bb3962056bb44047b4b85a30044e5eae30b03
  SwiftEntryKit: 537c92699d6034efb1ef9c32b11e0b37c97aa589
  SwiftLint: dfd554ff0dff17288ee574814ccdd5cea85d76f7
  SwiftyImage: ace7d1ca1094b5684333c185d1f2f6debdc77040
  SwiftyUserDefaults: 33fcb42bd1feb53a37d873feb62c82967db5f7f6
  Then: acfe0be7e98221c6204e12f8161459606d5d822d
  Tiercel: c05d22547cee755ce4a4be7862cf1e174ab46aed
  Toast-Swift: 9b6a70f28b3bf0b96c40d46c0c4b9d6639846711
  URLNavigator: 2593c0e2d293732ec5c44503cf54dceba1a68085
  WeakMapTable: 05c694ce8439a7a9ebabb56187287a63c57673d6
  ZIKRouter: 4efb9f01b4adbd2e15b184f42c7788d60b91a6d2
  ZRouter: eece3cd9726f24839e0f522995e44045bfc71749

PODFILE CHECKSUM: acbe9845bfd32b7c25374ac9046bdc9ba34e1f3a

COCOAPODS: 1.10.1
