// !$*UTF8*$!
{
	archiveVersion = 1;
	classes = {
	};
	objectVersion = 51;
	objects = {

/* Begin PBXBuildFile section */
		65007BB325022019009FCF1E /* CompositionRoot.swift in Sources */ = {isa = PBXBuildFile; fileRef = 65007BB225022019009FCF1E /* CompositionRoot.swift */; };
		65007BC025022348009FCF1E /* BBTabBarController.swift in Sources */ = {isa = PBXBuildFile; fileRef = 65007BBF25022348009FCF1E /* BBTabBarController.swift */; };
		65007BC225022367009FCF1E /* BaseViewController.swift in Sources */ = {isa = PBXBuildFile; fileRef = 65007BC125022367009FCF1E /* BaseViewController.swift */; };
		65007BC42502245F009FCF1E /* BBNavigationController.swift in Sources */ = {isa = PBXBuildFile; fileRef = 65007BC32502245F009FCF1E /* BBNavigationController.swift */; };
		65007BCF25022578009FCF1E /* UIViewController+ManualLayout.swift in Sources */ = {isa = PBXBuildFile; fileRef = 65007BC825022577009FCF1E /* UIViewController+ManualLayout.swift */; };
		65007BD025022578009FCF1E /* UIView+ManualLayout.swift in Sources */ = {isa = PBXBuildFile; fileRef = 65007BC925022577009FCF1E /* UIView+ManualLayout.swift */; };
		65007BD125022578009FCF1E /* CGRect+ManualLayout.swift in Sources */ = {isa = PBXBuildFile; fileRef = 65007BCA25022577009FCF1E /* CGRect+ManualLayout.swift */; };
		65007BD225022578009FCF1E /* SmartAssign.swift in Sources */ = {isa = PBXBuildFile; fileRef = 65007BCB25022577009FCF1E /* SmartAssign.swift */; };
		65007BD325022578009FCF1E /* UIScrollView+ManualLayout.swift in Sources */ = {isa = PBXBuildFile; fileRef = 65007BCC25022578009FCF1E /* UIScrollView+ManualLayout.swift */; };
		65007BD425022578009FCF1E /* HelperFunctions.swift in Sources */ = {isa = PBXBuildFile; fileRef = 65007BCD25022578009FCF1E /* HelperFunctions.swift */; };
		65007BD525022578009FCF1E /* CALayer+ManualLayout.swift in Sources */ = {isa = PBXBuildFile; fileRef = 65007BCE25022578009FCF1E /* CALayer+ManualLayout.swift */; };
		65007BD82502267E009FCF1E /* CGFloatLiteral.swift in Sources */ = {isa = PBXBuildFile; fileRef = 65007BD72502267E009FCF1E /* CGFloatLiteral.swift */; };
		65007BDD250227C2009FCF1E /* HomeMainViewController.swift in Sources */ = {isa = PBXBuildFile; fileRef = 65007BDC250227C2009FCF1E /* HomeMainViewController.swift */; };
		65007BDF250227E7009FCF1E /* ChannelViewController.swift in Sources */ = {isa = PBXBuildFile; fileRef = 65007BDE250227E7009FCF1E /* ChannelViewController.swift */; };
		65007BE12502284A009FCF1E /* DynamicViewController.swift in Sources */ = {isa = PBXBuildFile; fileRef = 65007BE02502284A009FCF1E /* DynamicViewController.swift */; };
		65007BE325022857009FCF1E /* MemberViewController.swift in Sources */ = {isa = PBXBuildFile; fileRef = 65007BE225022857009FCF1E /* MemberViewController.swift */; };
		65007BE525022864009FCF1E /* MineViewController.swift in Sources */ = {isa = PBXBuildFile; fileRef = 65007BE425022864009FCF1E /* MineViewController.swift */; };
		65007BE925022930009FCF1E /* Image.swift in Sources */ = {isa = PBXBuildFile; fileRef = 65007BE825022930009FCF1E /* Image.swift */; };
		65007BEB25022DB8009FCF1E /* SplashViewController.swift in Sources */ = {isa = PBXBuildFile; fileRef = 65007BEA25022DB8009FCF1E /* SplashViewController.swift */; };
		65007BF5250242EB009FCF1E /* ThemeModel.swift in Sources */ = {isa = PBXBuildFile; fileRef = 65007BF4250242EB009FCF1E /* ThemeModel.swift */; };
		65007BF72502431F009FCF1E /* Theme.swift in Sources */ = {isa = PBXBuildFile; fileRef = 65007BF62502431F009FCF1E /* Theme.swift */; };
		65007BF925024632009FCF1E /* MainStyle.json in Resources */ = {isa = PBXBuildFile; fileRef = 65007BF825024632009FCF1E /* MainStyle.json */; };
		65007BFB2502499B009FCF1E /* ThemeManager.swift in Sources */ = {isa = PBXBuildFile; fileRef = 65007BFA2502499B009FCF1E /* ThemeManager.swift */; };
		65007BFE25024EAE009FCF1E /* UserDefaultsManager.swift in Sources */ = {isa = PBXBuildFile; fileRef = 65007BFD25024EAE009FCF1E /* UserDefaultsManager.swift */; };
		65007C0025024ECF009FCF1E /* DefaultsKeys+UserDefaults.swift in Sources */ = {isa = PBXBuildFile; fileRef = 65007BFF25024ECF009FCF1E /* DefaultsKeys+UserDefaults.swift */; };
		65007C0225025188009FCF1E /* UIColor+Hex.swift in Sources */ = {isa = PBXBuildFile; fileRef = 65007C0125025188009FCF1E /* UIColor+Hex.swift */; };
		65007C0525025493009FCF1E /* HexColorTransform.swift in Sources */ = {isa = PBXBuildFile; fileRef = 65007C0425025493009FCF1E /* HexColorTransform.swift */; };
		65207AB325207F41000E05A3 /* Auto.swift in Sources */ = {isa = PBXBuildFile; fileRef = 65207AB225207F41000E05A3 /* Auto.swift */; };
		65207AB625207F77000E05A3 /* Inch.swift in Sources */ = {isa = PBXBuildFile; fileRef = 65207AB525207F77000E05A3 /* Inch.swift */; };
		65207AB925208864000E05A3 /* LaunchAdBackgroundView.swift in Sources */ = {isa = PBXBuildFile; fileRef = 65207AB825208864000E05A3 /* LaunchAdBackgroundView.swift */; };
		65207ABC252099D6000E05A3 /* LaunchAd.swift in Sources */ = {isa = PBXBuildFile; fileRef = 65207ABB252099D6000E05A3 /* LaunchAd.swift */; };
		65459CDE2511B2B000A62E8D /* Observable+Cache.swift in Sources */ = {isa = PBXBuildFile; fileRef = 65459CDD2511B2B000A62E8D /* Observable+Cache.swift */; };
		65459CE02511B38500A62E8D /* Network+Cache.swift in Sources */ = {isa = PBXBuildFile; fileRef = 65459CDF2511B38500A62E8D /* Network+Cache.swift */; };
		65459CE22511B51A00A62E8D /* NetworkError.swift in Sources */ = {isa = PBXBuildFile; fileRef = 65459CE12511B51A00A62E8D /* NetworkError.swift */; };
		65459CE62511E1CD00A62E8D /* MapAt.swift in Sources */ = {isa = PBXBuildFile; fileRef = 65459CE52511E1CD00A62E8D /* MapAt.swift */; };
		65459CE92511F0DD00A62E8D /* NetErrorManager.swift in Sources */ = {isa = PBXBuildFile; fileRef = 65459CE82511F0DD00A62E8D /* NetErrorManager.swift */; };
		65459CEB251204A600A62E8D /* NoConnectionView.swift in Sources */ = {isa = PBXBuildFile; fileRef = 65459CEA251204A600A62E8D /* NoConnectionView.swift */; };
		65482D9A251082E50020D18A /* Configuration.swift in Sources */ = {isa = PBXBuildFile; fileRef = 65482D99251082E50020D18A /* Configuration.swift */; };
		65482DA22510B7750020D18A /* ActivityIndicator.swift in Sources */ = {isa = PBXBuildFile; fileRef = 65482DA12510B7750020D18A /* ActivityIndicator.swift */; };
		65482DA42510BA700020D18A /* ErrorTracker.swift in Sources */ = {isa = PBXBuildFile; fileRef = 65482DA32510BA700020D18A /* ErrorTracker.swift */; };
		65482DA92510E58D0020D18A /* Expirable.swift in Sources */ = {isa = PBXBuildFile; fileRef = 65482DA82510E58D0020D18A /* Expirable.swift */; };
		65482DAB2510E5AC0020D18A /* Expiry.swift in Sources */ = {isa = PBXBuildFile; fileRef = 65482DAA2510E5AC0020D18A /* Expiry.swift */; };
		65482DAD2510E5EC0020D18A /* StoringKey.swift in Sources */ = {isa = PBXBuildFile; fileRef = 65482DAC2510E5EC0020D18A /* StoringKey.swift */; };
		65482DAF2510E6050020D18A /* Storable.swift in Sources */ = {isa = PBXBuildFile; fileRef = 65482DAE2510E6050020D18A /* Storable.swift */; };
		65482DB12510E6700020D18A /* CachingKey+Moya.swift in Sources */ = {isa = PBXBuildFile; fileRef = 65482DB02510E6700020D18A /* CachingKey+Moya.swift */; };
		65482DB32510E72F0020D18A /* Single+Cache.swift in Sources */ = {isa = PBXBuildFile; fileRef = 65482DB22510E72F0020D18A /* Single+Cache.swift */; };
		65482DB52510E8280020D18A /* TargetType+Cache.swift in Sources */ = {isa = PBXBuildFile; fileRef = 65482DB42510E8280020D18A /* TargetType+Cache.swift */; };
		65482DB72510EA8A0020D18A /* OnCache.swift in Sources */ = {isa = PBXBuildFile; fileRef = 65482DB62510EA8A0020D18A /* OnCache.swift */; };
		6549179D2519D1D900F05B0F /* UIView+Extension.swift in Sources */ = {isa = PBXBuildFile; fileRef = 6549179C2519D1D900F05B0F /* UIView+Extension.swift */; };
		654917AB2519EE6000F05B0F /* LoadingManager.swift in Sources */ = {isa = PBXBuildFile; fileRef = 654917AA2519EE6000F05B0F /* LoadingManager.swift */; };
		654917B22519F91200F05B0F /* PrivacyPolicyAlertView.swift in Sources */ = {isa = PBXBuildFile; fileRef = 654917B12519F91200F05B0F /* PrivacyPolicyAlertView.swift */; };
		654917B62519FAF500F05B0F /* BBWebViewController.swift in Sources */ = {isa = PBXBuildFile; fileRef = 654917B52519FAF500F05B0F /* BBWebViewController.swift */; };
		6549257B252064BD004262D9 /* launcher_logo_2020@2x.png in Resources */ = {isa = PBXBuildFile; fileRef = 65492579252064BD004262D9 /* launcher_logo_2020@2x.png */; };
		6549257C252064BD004262D9 /* launcher_logo_2020@3x.png in Resources */ = {isa = PBXBuildFile; fileRef = 6549257A252064BD004262D9 /* launcher_logo_2020@3x.png */; };
		654A7498250B22E900B3F91A /* SplashCacheManager.swift in Sources */ = {isa = PBXBuildFile; fileRef = 654A7497250B22E900B3F91A /* SplashCacheManager.swift */; };
		654A749A250B443D00B3F91A /* UIImageView+Kingfisher.swift in Sources */ = {isa = PBXBuildFile; fileRef = 654A7499250B443D00B3F91A /* UIImageView+Kingfisher.swift */; };
		654BDD372514A9810063F987 /* MapperParameterType.swift in Sources */ = {isa = PBXBuildFile; fileRef = 654BDD362514A9810063F987 /* MapperParameterType.swift */; };
		6554E9AD251C7F4200DAEB25 /* BaseView.swift in Sources */ = {isa = PBXBuildFile; fileRef = 6554E9AC251C7F4200DAEB25 /* BaseView.swift */; };
		6554E9B2251C81C800DAEB25 /* Font.swift in Sources */ = {isa = PBXBuildFile; fileRef = 6554E9B1251C81C800DAEB25 /* Font.swift */; };
		6568BE6C2521AEA90093EF03 /* LaunchAdSkipButton.swift in Sources */ = {isa = PBXBuildFile; fileRef = 6568BE6B2521AEA90093EF03 /* LaunchAdSkipButton.swift */; };
		6568BE702521B4730093EF03 /* AdCacheManager.swift in Sources */ = {isa = PBXBuildFile; fileRef = 6568BE6F2521B4730093EF03 /* AdCacheManager.swift */; };
		6568BE742521E3A30093EF03 /* LaunchAdManager.swift in Sources */ = {isa = PBXBuildFile; fileRef = 6568BE732521E3A30093EF03 /* LaunchAdManager.swift */; };
		6571E5BE25209B50005123AD /* LaunchAdConfig.swift in Sources */ = {isa = PBXBuildFile; fileRef = 6571E5BD25209B50005123AD /* LaunchAdConfig.swift */; };
		6571E5C12520A4CF005123AD /* LaunchAdViewController.swift in Sources */ = {isa = PBXBuildFile; fileRef = 6571E5C02520A4CF005123AD /* LaunchAdViewController.swift */; };
		6571E5C42520A528005123AD /* LaunchAdVideoView.swift in Sources */ = {isa = PBXBuildFile; fileRef = 6571E5C32520A528005123AD /* LaunchAdVideoView.swift */; };
		658A287C251DCDBD009D04A8 /* HomeAPI.swift in Sources */ = {isa = PBXBuildFile; fileRef = 658A287B251DCDBD009D04A8 /* HomeAPI.swift */; };
		65918A6C25233879007A0433 /* Utils.swift in Sources */ = {isa = PBXBuildFile; fileRef = 65918A6B25233879007A0433 /* Utils.swift */; };
		659CFCF02506041100787D3A /* Logger.swift in Sources */ = {isa = PBXBuildFile; fileRef = 659CFCEF2506041100787D3A /* Logger.swift */; };
		659CFCF4250605D100787D3A /* Screen.swift in Sources */ = {isa = PBXBuildFile; fileRef = 659CFCF3250605D100787D3A /* Screen.swift */; };
		659CFD0825065EE700787D3A /* NetStatusManager.swift in Sources */ = {isa = PBXBuildFile; fileRef = 659CFD0725065EE700787D3A /* NetStatusManager.swift */; };
		65A3F95D250F518600E77B8A /* RealmManager.swift in Sources */ = {isa = PBXBuildFile; fileRef = 65A3F95C250F518600E77B8A /* RealmManager.swift */; };
		65A3F960250F9FB700E77B8A /* AdInfoModel.swift in Sources */ = {isa = PBXBuildFile; fileRef = 65A3F95F250F9FB700E77B8A /* AdInfoModel.swift */; };
		65D399A625186F7700B1C12E /* Observable+ObjectMapper.swift in Sources */ = {isa = PBXBuildFile; fileRef = 65D399A525186F7700B1C12E /* Observable+ObjectMapper.swift */; };
		65D399AA2518759700B1C12E /* Single+MoyaObjectMapper.swift in Sources */ = {isa = PBXBuildFile; fileRef = 65D399A92518759700B1C12E /* Single+MoyaObjectMapper.swift */; };
		65D399AD251875F600B1C12E /* ObserverType+ObjectMapper.swift in Sources */ = {isa = PBXBuildFile; fileRef = 65D399AC251875F600B1C12E /* ObserverType+ObjectMapper.swift */; };
		65D39A10251897B900B1C12E /* TargetType+Rx.swift in Sources */ = {isa = PBXBuildFile; fileRef = 65D39A0F251897B900B1C12E /* TargetType+Rx.swift */; };
		65D39A232518D40D00B1C12E /* NetworkLoggerPlugin.swift in Sources */ = {isa = PBXBuildFile; fileRef = 65D39A222518D40D00B1C12E /* NetworkLoggerPlugin.swift */; };
		65F6024724FF3F2B00D889BC /* AppDelegate.swift in Sources */ = {isa = PBXBuildFile; fileRef = 65F6024624FF3F2B00D889BC /* AppDelegate.swift */; };
		65F6025024FF3F2D00D889BC /* Assets.xcassets in Resources */ = {isa = PBXBuildFile; fileRef = 65F6024F24FF3F2D00D889BC /* Assets.xcassets */; };
		65F6025324FF3F2D00D889BC /* LaunchScreen.storyboard in Resources */ = {isa = PBXBuildFile; fileRef = 65F6025124FF3F2D00D889BC /* LaunchScreen.storyboard */; };
		E000E8722504D054004EA1DA /* SplashInfoModel.swift in Sources */ = {isa = PBXBuildFile; fileRef = E000E8712504D054004EA1DA /* SplashInfoModel.swift */; };
		E000E8742504D6EB004EA1DA /* Network.swift in Sources */ = {isa = PBXBuildFile; fileRef = E000E8732504D6EB004EA1DA /* Network.swift */; };
		E000E8772504D850004EA1DA /* RequestParamsManager.swift in Sources */ = {isa = PBXBuildFile; fileRef = E000E8762504D850004EA1DA /* RequestParamsManager.swift */; };
		E0848C062502838C004F1E64 /* HomeRecommendViewController.swift in Sources */ = {isa = PBXBuildFile; fileRef = E0848C052502838C004F1E64 /* HomeRecommendViewController.swift */; };
		E0848C0925029443004F1E64 /* ToastManager.swift in Sources */ = {isa = PBXBuildFile; fileRef = E0848C0825029443004F1E64 /* ToastManager.swift */; };
		E0AD61952503A3830099F00D /* ConfigAPI.swift in Sources */ = {isa = PBXBuildFile; fileRef = E0AD61942503A3830099F00D /* ConfigAPI.swift */; };
		F4681A59F420D4535A1E433C /* Pods_SwiftBilibili.framework in Frameworks */ = {isa = PBXBuildFile; fileRef = 9E0B08C7672E20DC98C42FE9 /* Pods_SwiftBilibili.framework */; };
/* End PBXBuildFile section */

/* Begin PBXFileReference section */
		372EC8BF2DBBACAD60C6940B /* Pods-SwiftBilibili.release.xcconfig */ = {isa = PBXFileReference; includeInIndex = 1; lastKnownFileType = text.xcconfig; name = "Pods-SwiftBilibili.release.xcconfig"; path = "Target Support Files/Pods-SwiftBilibili/Pods-SwiftBilibili.release.xcconfig"; sourceTree = "<group>"; };
		65007BB225022019009FCF1E /* CompositionRoot.swift */ = {isa = PBXFileReference; lastKnownFileType = sourcecode.swift; path = CompositionRoot.swift; sourceTree = "<group>"; };
		65007BBF25022348009FCF1E /* BBTabBarController.swift */ = {isa = PBXFileReference; lastKnownFileType = sourcecode.swift; path = BBTabBarController.swift; sourceTree = "<group>"; };
		65007BC125022367009FCF1E /* BaseViewController.swift */ = {isa = PBXFileReference; lastKnownFileType = sourcecode.swift; path = BaseViewController.swift; sourceTree = "<group>"; };
		65007BC32502245F009FCF1E /* BBNavigationController.swift */ = {isa = PBXFileReference; lastKnownFileType = sourcecode.swift; path = BBNavigationController.swift; sourceTree = "<group>"; };
		65007BC825022577009FCF1E /* UIViewController+ManualLayout.swift */ = {isa = PBXFileReference; fileEncoding = 4; lastKnownFileType = sourcecode.swift; path = "UIViewController+ManualLayout.swift"; sourceTree = "<group>"; };
		65007BC925022577009FCF1E /* UIView+ManualLayout.swift */ = {isa = PBXFileReference; fileEncoding = 4; lastKnownFileType = sourcecode.swift; path = "UIView+ManualLayout.swift"; sourceTree = "<group>"; };
		65007BCA25022577009FCF1E /* CGRect+ManualLayout.swift */ = {isa = PBXFileReference; fileEncoding = 4; lastKnownFileType = sourcecode.swift; path = "CGRect+ManualLayout.swift"; sourceTree = "<group>"; };
		65007BCB25022577009FCF1E /* SmartAssign.swift */ = {isa = PBXFileReference; fileEncoding = 4; lastKnownFileType = sourcecode.swift; path = SmartAssign.swift; sourceTree = "<group>"; };
		65007BCC25022578009FCF1E /* UIScrollView+ManualLayout.swift */ = {isa = PBXFileReference; fileEncoding = 4; lastKnownFileType = sourcecode.swift; path = "UIScrollView+ManualLayout.swift"; sourceTree = "<group>"; };
		65007BCD25022578009FCF1E /* HelperFunctions.swift */ = {isa = PBXFileReference; fileEncoding = 4; lastKnownFileType = sourcecode.swift; path = HelperFunctions.swift; sourceTree = "<group>"; };
		65007BCE25022578009FCF1E /* CALayer+ManualLayout.swift */ = {isa = PBXFileReference; fileEncoding = 4; lastKnownFileType = sourcecode.swift; path = "CALayer+ManualLayout.swift"; sourceTree = "<group>"; };
		65007BD72502267E009FCF1E /* CGFloatLiteral.swift */ = {isa = PBXFileReference; lastKnownFileType = sourcecode.swift; path = CGFloatLiteral.swift; sourceTree = "<group>"; };
		65007BDC250227C2009FCF1E /* HomeMainViewController.swift */ = {isa = PBXFileReference; lastKnownFileType = sourcecode.swift; path = HomeMainViewController.swift; sourceTree = "<group>"; };
		65007BDE250227E7009FCF1E /* ChannelViewController.swift */ = {isa = PBXFileReference; lastKnownFileType = sourcecode.swift; path = ChannelViewController.swift; sourceTree = "<group>"; };
		65007BE02502284A009FCF1E /* DynamicViewController.swift */ = {isa = PBXFileReference; lastKnownFileType = sourcecode.swift; path = DynamicViewController.swift; sourceTree = "<group>"; };
		65007BE225022857009FCF1E /* MemberViewController.swift */ = {isa = PBXFileReference; lastKnownFileType = sourcecode.swift; path = MemberViewController.swift; sourceTree = "<group>"; };
		65007BE425022864009FCF1E /* MineViewController.swift */ = {isa = PBXFileReference; lastKnownFileType = sourcecode.swift; path = MineViewController.swift; sourceTree = "<group>"; };
		65007BE825022930009FCF1E /* Image.swift */ = {isa = PBXFileReference; lastKnownFileType = sourcecode.swift; path = Image.swift; sourceTree = "<group>"; };
		65007BEA25022DB8009FCF1E /* SplashViewController.swift */ = {isa = PBXFileReference; lastKnownFileType = sourcecode.swift; path = SplashViewController.swift; sourceTree = "<group>"; };
		65007BF4250242EB009FCF1E /* ThemeModel.swift */ = {isa = PBXFileReference; lastKnownFileType = sourcecode.swift; path = ThemeModel.swift; sourceTree = "<group>"; };
		65007BF62502431F009FCF1E /* Theme.swift */ = {isa = PBXFileReference; lastKnownFileType = sourcecode.swift; path = Theme.swift; sourceTree = "<group>"; };
		65007BF825024632009FCF1E /* MainStyle.json */ = {isa = PBXFileReference; fileEncoding = 4; lastKnownFileType = text.json; path = MainStyle.json; sourceTree = "<group>"; };
		65007BFA2502499B009FCF1E /* ThemeManager.swift */ = {isa = PBXFileReference; lastKnownFileType = sourcecode.swift; path = ThemeManager.swift; sourceTree = "<group>"; };
		65007BFD25024EAE009FCF1E /* UserDefaultsManager.swift */ = {isa = PBXFileReference; lastKnownFileType = sourcecode.swift; path = UserDefaultsManager.swift; sourceTree = "<group>"; };
		65007BFF25024ECF009FCF1E /* DefaultsKeys+UserDefaults.swift */ = {isa = PBXFileReference; lastKnownFileType = sourcecode.swift; path = "DefaultsKeys+UserDefaults.swift"; sourceTree = "<group>"; };
		65007C0125025188009FCF1E /* UIColor+Hex.swift */ = {isa = PBXFileReference; lastKnownFileType = sourcecode.swift; path = "UIColor+Hex.swift"; sourceTree = "<group>"; };
		65007C0425025493009FCF1E /* HexColorTransform.swift */ = {isa = PBXFileReference; lastKnownFileType = sourcecode.swift; path = HexColorTransform.swift; sourceTree = "<group>"; };
		65207AB225207F41000E05A3 /* Auto.swift */ = {isa = PBXFileReference; lastKnownFileType = sourcecode.swift; path = Auto.swift; sourceTree = "<group>"; };
		65207AB525207F77000E05A3 /* Inch.swift */ = {isa = PBXFileReference; lastKnownFileType = sourcecode.swift; path = Inch.swift; sourceTree = "<group>"; };
		65207AB825208864000E05A3 /* LaunchAdBackgroundView.swift */ = {isa = PBXFileReference; lastKnownFileType = sourcecode.swift; path = LaunchAdBackgroundView.swift; sourceTree = "<group>"; };
		65207ABB252099D6000E05A3 /* LaunchAd.swift */ = {isa = PBXFileReference; lastKnownFileType = sourcecode.swift; path = LaunchAd.swift; sourceTree = "<group>"; };
		65459CDD2511B2B000A62E8D /* Observable+Cache.swift */ = {isa = PBXFileReference; lastKnownFileType = sourcecode.swift; path = "Observable+Cache.swift"; sourceTree = "<group>"; };
		65459CDF2511B38500A62E8D /* Network+Cache.swift */ = {isa = PBXFileReference; lastKnownFileType = sourcecode.swift; path = "Network+Cache.swift"; sourceTree = "<group>"; };
		65459CE12511B51A00A62E8D /* NetworkError.swift */ = {isa = PBXFileReference; lastKnownFileType = sourcecode.swift; path = NetworkError.swift; sourceTree = "<group>"; };
		65459CE52511E1CD00A62E8D /* MapAt.swift */ = {isa = PBXFileReference; lastKnownFileType = sourcecode.swift; path = MapAt.swift; sourceTree = "<group>"; };
		65459CE82511F0DD00A62E8D /* NetErrorManager.swift */ = {isa = PBXFileReference; lastKnownFileType = sourcecode.swift; path = NetErrorManager.swift; sourceTree = "<group>"; };
		65459CEA251204A600A62E8D /* NoConnectionView.swift */ = {isa = PBXFileReference; lastKnownFileType = sourcecode.swift; path = NoConnectionView.swift; sourceTree = "<group>"; };
		65482D99251082E50020D18A /* Configuration.swift */ = {isa = PBXFileReference; lastKnownFileType = sourcecode.swift; path = Configuration.swift; sourceTree = "<group>"; };
		65482DA12510B7750020D18A /* ActivityIndicator.swift */ = {isa = PBXFileReference; lastKnownFileType = sourcecode.swift; path = ActivityIndicator.swift; sourceTree = "<group>"; };
		65482DA32510BA700020D18A /* ErrorTracker.swift */ = {isa = PBXFileReference; fileEncoding = 4; lastKnownFileType = sourcecode.swift; path = ErrorTracker.swift; sourceTree = "<group>"; };
		65482DA82510E58D0020D18A /* Expirable.swift */ = {isa = PBXFileReference; lastKnownFileType = sourcecode.swift; path = Expirable.swift; sourceTree = "<group>"; };
		65482DAA2510E5AC0020D18A /* Expiry.swift */ = {isa = PBXFileReference; lastKnownFileType = sourcecode.swift; path = Expiry.swift; sourceTree = "<group>"; };
		65482DAC2510E5EC0020D18A /* StoringKey.swift */ = {isa = PBXFileReference; lastKnownFileType = sourcecode.swift; path = StoringKey.swift; sourceTree = "<group>"; };
		65482DAE2510E6050020D18A /* Storable.swift */ = {isa = PBXFileReference; lastKnownFileType = sourcecode.swift; path = Storable.swift; sourceTree = "<group>"; };
		65482DB02510E6700020D18A /* CachingKey+Moya.swift */ = {isa = PBXFileReference; lastKnownFileType = sourcecode.swift; path = "CachingKey+Moya.swift"; sourceTree = "<group>"; };
		65482DB22510E72F0020D18A /* Single+Cache.swift */ = {isa = PBXFileReference; lastKnownFileType = sourcecode.swift; path = "Single+Cache.swift"; sourceTree = "<group>"; };
		65482DB42510E8280020D18A /* TargetType+Cache.swift */ = {isa = PBXFileReference; lastKnownFileType = sourcecode.swift; path = "TargetType+Cache.swift"; sourceTree = "<group>"; };
		65482DB62510EA8A0020D18A /* OnCache.swift */ = {isa = PBXFileReference; lastKnownFileType = sourcecode.swift; path = OnCache.swift; sourceTree = "<group>"; };
		6549179C2519D1D900F05B0F /* UIView+Extension.swift */ = {isa = PBXFileReference; lastKnownFileType = sourcecode.swift; path = "UIView+Extension.swift"; sourceTree = "<group>"; };
		654917AA2519EE6000F05B0F /* LoadingManager.swift */ = {isa = PBXFileReference; lastKnownFileType = sourcecode.swift; path = LoadingManager.swift; sourceTree = "<group>"; };
		654917B12519F91200F05B0F /* PrivacyPolicyAlertView.swift */ = {isa = PBXFileReference; lastKnownFileType = sourcecode.swift; path = PrivacyPolicyAlertView.swift; sourceTree = "<group>"; };
		654917B52519FAF500F05B0F /* BBWebViewController.swift */ = {isa = PBXFileReference; lastKnownFileType = sourcecode.swift; path = BBWebViewController.swift; sourceTree = "<group>"; };
		65492579252064BD004262D9 /* launcher_logo_2020@2x.png */ = {isa = PBXFileReference; lastKnownFileType = image.png; path = "launcher_logo_2020@2x.png"; sourceTree = "<group>"; };
		6549257A252064BD004262D9 /* launcher_logo_2020@3x.png */ = {isa = PBXFileReference; lastKnownFileType = image.png; path = "launcher_logo_2020@3x.png"; sourceTree = "<group>"; };
		654A7497250B22E900B3F91A /* SplashCacheManager.swift */ = {isa = PBXFileReference; lastKnownFileType = sourcecode.swift; path = SplashCacheManager.swift; sourceTree = "<group>"; };
		654A7499250B443D00B3F91A /* UIImageView+Kingfisher.swift */ = {isa = PBXFileReference; lastKnownFileType = sourcecode.swift; path = "UIImageView+Kingfisher.swift"; sourceTree = "<group>"; };
		654BDD362514A9810063F987 /* MapperParameterType.swift */ = {isa = PBXFileReference; lastKnownFileType = sourcecode.swift; path = MapperParameterType.swift; sourceTree = "<group>"; };
		6554E9AC251C7F4200DAEB25 /* BaseView.swift */ = {isa = PBXFileReference; lastKnownFileType = sourcecode.swift; path = BaseView.swift; sourceTree = "<group>"; };
		6554E9B1251C81C800DAEB25 /* Font.swift */ = {isa = PBXFileReference; lastKnownFileType = sourcecode.swift; path = Font.swift; sourceTree = "<group>"; };
		6568BE6B2521AEA90093EF03 /* LaunchAdSkipButton.swift */ = {isa = PBXFileReference; lastKnownFileType = sourcecode.swift; path = LaunchAdSkipButton.swift; sourceTree = "<group>"; };
		6568BE6F2521B4730093EF03 /* AdCacheManager.swift */ = {isa = PBXFileReference; lastKnownFileType = sourcecode.swift; path = AdCacheManager.swift; sourceTree = "<group>"; };
		6568BE732521E3A30093EF03 /* LaunchAdManager.swift */ = {isa = PBXFileReference; lastKnownFileType = sourcecode.swift; path = LaunchAdManager.swift; sourceTree = "<group>"; };
		6571E5BD25209B50005123AD /* LaunchAdConfig.swift */ = {isa = PBXFileReference; lastKnownFileType = sourcecode.swift; path = LaunchAdConfig.swift; sourceTree = "<group>"; };
		6571E5C02520A4CF005123AD /* LaunchAdViewController.swift */ = {isa = PBXFileReference; lastKnownFileType = sourcecode.swift; path = LaunchAdViewController.swift; sourceTree = "<group>"; };
		6571E5C32520A528005123AD /* LaunchAdVideoView.swift */ = {isa = PBXFileReference; lastKnownFileType = sourcecode.swift; path = LaunchAdVideoView.swift; sourceTree = "<group>"; };
		658A287B251DCDBD009D04A8 /* HomeAPI.swift */ = {isa = PBXFileReference; lastKnownFileType = sourcecode.swift; path = HomeAPI.swift; sourceTree = "<group>"; };
		65918A6B25233879007A0433 /* Utils.swift */ = {isa = PBXFileReference; lastKnownFileType = sourcecode.swift; path = Utils.swift; sourceTree = "<group>"; };
		659CFCEF2506041100787D3A /* Logger.swift */ = {isa = PBXFileReference; fileEncoding = 4; lastKnownFileType = sourcecode.swift; path = Logger.swift; sourceTree = "<group>"; };
		659CFCF3250605D100787D3A /* Screen.swift */ = {isa = PBXFileReference; lastKnownFileType = sourcecode.swift; path = Screen.swift; sourceTree = "<group>"; };
		659CFD0725065EE700787D3A /* NetStatusManager.swift */ = {isa = PBXFileReference; lastKnownFileType = sourcecode.swift; path = NetStatusManager.swift; sourceTree = "<group>"; };
		65A3F95C250F518600E77B8A /* RealmManager.swift */ = {isa = PBXFileReference; lastKnownFileType = sourcecode.swift; path = RealmManager.swift; sourceTree = "<group>"; };
		65A3F95F250F9FB700E77B8A /* AdInfoModel.swift */ = {isa = PBXFileReference; lastKnownFileType = sourcecode.swift; path = AdInfoModel.swift; sourceTree = "<group>"; };
		65D399A525186F7700B1C12E /* Observable+ObjectMapper.swift */ = {isa = PBXFileReference; lastKnownFileType = sourcecode.swift; path = "Observable+ObjectMapper.swift"; sourceTree = "<group>"; };
		65D399A92518759700B1C12E /* Single+MoyaObjectMapper.swift */ = {isa = PBXFileReference; lastKnownFileType = sourcecode.swift; path = "Single+MoyaObjectMapper.swift"; sourceTree = "<group>"; };
		65D399AC251875F600B1C12E /* ObserverType+ObjectMapper.swift */ = {isa = PBXFileReference; lastKnownFileType = sourcecode.swift; path = "ObserverType+ObjectMapper.swift"; sourceTree = "<group>"; };
		65D39A0F251897B900B1C12E /* TargetType+Rx.swift */ = {isa = PBXFileReference; lastKnownFileType = sourcecode.swift; path = "TargetType+Rx.swift"; sourceTree = "<group>"; };
		65D39A222518D40D00B1C12E /* NetworkLoggerPlugin.swift */ = {isa = PBXFileReference; lastKnownFileType = sourcecode.swift; path = NetworkLoggerPlugin.swift; sourceTree = "<group>"; };
		65F6024324FF3F2B00D889BC /* SwiftBilibili.app */ = {isa = PBXFileReference; explicitFileType = wrapper.application; includeInIndex = 0; path = SwiftBilibili.app; sourceTree = BUILT_PRODUCTS_DIR; };
		65F6024624FF3F2B00D889BC /* AppDelegate.swift */ = {isa = PBXFileReference; lastKnownFileType = sourcecode.swift; path = AppDelegate.swift; sourceTree = "<group>"; };
		65F6024F24FF3F2D00D889BC /* Assets.xcassets */ = {isa = PBXFileReference; lastKnownFileType = folder.assetcatalog; path = Assets.xcassets; sourceTree = "<group>"; };
		65F6025224FF3F2D00D889BC /* Base */ = {isa = PBXFileReference; lastKnownFileType = file.storyboard; name = Base; path = Base.lproj/LaunchScreen.storyboard; sourceTree = "<group>"; };
		65F6025424FF3F2D00D889BC /* Info.plist */ = {isa = PBXFileReference; lastKnownFileType = text.plist.xml; path = Info.plist; sourceTree = "<group>"; };
		9E0B08C7672E20DC98C42FE9 /* Pods_SwiftBilibili.framework */ = {isa = PBXFileReference; explicitFileType = wrapper.framework; includeInIndex = 0; path = Pods_SwiftBilibili.framework; sourceTree = BUILT_PRODUCTS_DIR; };
		C566B690F17EA54C0F240AFC /* Pods-SwiftBilibili.debug.xcconfig */ = {isa = PBXFileReference; includeInIndex = 1; lastKnownFileType = text.xcconfig; name = "Pods-SwiftBilibili.debug.xcconfig"; path = "Target Support Files/Pods-SwiftBilibili/Pods-SwiftBilibili.debug.xcconfig"; sourceTree = "<group>"; };
		E000E8712504D054004EA1DA /* SplashInfoModel.swift */ = {isa = PBXFileReference; lastKnownFileType = sourcecode.swift; path = SplashInfoModel.swift; sourceTree = "<group>"; };
		E000E8732504D6EB004EA1DA /* Network.swift */ = {isa = PBXFileReference; lastKnownFileType = sourcecode.swift; path = Network.swift; sourceTree = "<group>"; };
		E000E8762504D850004EA1DA /* RequestParamsManager.swift */ = {isa = PBXFileReference; lastKnownFileType = sourcecode.swift; path = RequestParamsManager.swift; sourceTree = "<group>"; };
		E0848C052502838C004F1E64 /* HomeRecommendViewController.swift */ = {isa = PBXFileReference; lastKnownFileType = sourcecode.swift; path = HomeRecommendViewController.swift; sourceTree = "<group>"; };
		E0848C0825029443004F1E64 /* ToastManager.swift */ = {isa = PBXFileReference; lastKnownFileType = sourcecode.swift; path = ToastManager.swift; sourceTree = "<group>"; };
		E0AD61942503A3830099F00D /* ConfigAPI.swift */ = {isa = PBXFileReference; lastKnownFileType = sourcecode.swift; path = ConfigAPI.swift; sourceTree = "<group>"; };
/* End PBXFileReference section */

/* Begin PBXFrameworksBuildPhase section */
		65F6024024FF3F2B00D889BC /* Frameworks */ = {
			isa = PBXFrameworksBuildPhase;
			buildActionMask = 2147483647;
			files = (
				F4681A59F420D4535A1E433C /* Pods_SwiftBilibili.framework in Frameworks */,
			);
			runOnlyForDeploymentPostprocessing = 0;
		};
/* End PBXFrameworksBuildPhase section */

/* Begin PBXGroup section */
		49D6515931F9FB241B8E3F43 /* Pods */ = {
			isa = PBXGroup;
			children = (
				C566B690F17EA54C0F240AFC /* Pods-SwiftBilibili.debug.xcconfig */,
				372EC8BF2DBBACAD60C6940B /* Pods-SwiftBilibili.release.xcconfig */,
			);
			path = Pods;
			sourceTree = "<group>";
		};
		65007BAD25021F16009FCF1E /* Sources */ = {
			isa = PBXGroup;
			children = (
				65F6024624FF3F2B00D889BC /* AppDelegate.swift */,
				65007BB225022019009FCF1E /* CompositionRoot.swift */,
				659CFCEE250603C100787D3A /* Logger */,
				E000E87A2504ED00004EA1DA /* Services */,
				65007BE62502290D009FCF1E /* Const */,
				65007BC6250224E8009FCF1E /* Tools */,
				65007BC5250224DA009FCF1E /* Extensions */,
				65007BBE25022309009FCF1E /* Base */,
				65007BB42502202F009FCF1E /* Modules */,
				65007BAF25021F55009FCF1E /* Components */,
				65007BAE25021F4C009FCF1E /* Utils */,
			);
			path = Sources;
			sourceTree = "<group>";
		};
		65007BAE25021F4C009FCF1E /* Utils */ = {
			isa = PBXGroup;
			children = (
				65918A6B25233879007A0433 /* Utils.swift */,
				6568BE6E2521B44F0093EF03 /* LaunchAdManager */,
				65459CE72511F0C600A62E8D /* NetRequestManager */,
				654A7496250B22C200B3F91A /* CacheManager */,
				659CFD0625065E9B00787D3A /* NetStatusManager */,
				E000E8752504D803004EA1DA /* RequestParametersManager */,
				E0848C0725029421004F1E64 /* ToastManager */,
				65007BFC25024E96009FCF1E /* UserDefaultsManager */,
			);
			path = Utils;
			sourceTree = "<group>";
		};
		65007BAF25021F55009FCF1E /* Components */ = {
			isa = PBXGroup;
			children = (
				654917B02519F8AF00F05B0F /* PrivacyPolicyAlert */,
				65459CE32511DFBA00A62E8D /* NoConnectionView */,
				65A3F95E250F9F9200E77B8A /* LaunchAd */,
			);
			path = Components;
			sourceTree = "<group>";
		};
		65007BB025021F74009FCF1E /* Resource */ = {
			isa = PBXGroup;
			children = (
				65492579252064BD004262D9 /* launcher_logo_2020@2x.png */,
				6549257A252064BD004262D9 /* launcher_logo_2020@3x.png */,
				65007BF825024632009FCF1E /* MainStyle.json */,
				65F6024F24FF3F2D00D889BC /* Assets.xcassets */,
				65F6025124FF3F2D00D889BC /* LaunchScreen.storyboard */,
			);
			path = Resource;
			sourceTree = "<group>";
		};
		65007BB125021F8A009FCF1E /* Supporting Files */ = {
			isa = PBXGroup;
			children = (
				65F6025424FF3F2D00D889BC /* Info.plist */,
			);
			path = "Supporting Files";
			sourceTree = "<group>";
		};
		65007BB42502202F009FCF1E /* Modules */ = {
			isa = PBXGroup;
			children = (
				E000E86F2504CFFB004EA1DA /* Splash */,
				65007BB925022057009FCF1E /* Mine */,
				65007BB825022050009FCF1E /* Member */,
				65007BB725022046009FCF1E /* Dynamic */,
				65007BB62502203E009FCF1E /* Channel */,
				65007BB525022039009FCF1E /* Home */,
			);
			path = Modules;
			sourceTree = "<group>";
		};
		65007BB525022039009FCF1E /* Home */ = {
			isa = PBXGroup;
			children = (
				E0848C04250281AF004F1E64 /* Controllers */,
			);
			path = Home;
			sourceTree = "<group>";
		};
		65007BB62502203E009FCF1E /* Channel */ = {
			isa = PBXGroup;
			children = (
				65007BDE250227E7009FCF1E /* ChannelViewController.swift */,
			);
			path = Channel;
			sourceTree = "<group>";
		};
		65007BB725022046009FCF1E /* Dynamic */ = {
			isa = PBXGroup;
			children = (
				65007BE02502284A009FCF1E /* DynamicViewController.swift */,
			);
			path = Dynamic;
			sourceTree = "<group>";
		};
		65007BB825022050009FCF1E /* Member */ = {
			isa = PBXGroup;
			children = (
				65007BE225022857009FCF1E /* MemberViewController.swift */,
			);
			path = Member;
			sourceTree = "<group>";
		};
		65007BB925022057009FCF1E /* Mine */ = {
			isa = PBXGroup;
			children = (
				65007BE425022864009FCF1E /* MineViewController.swift */,
			);
			path = Mine;
			sourceTree = "<group>";
		};
		65007BBE25022309009FCF1E /* Base */ = {
			isa = PBXGroup;
			children = (
				65007BBF25022348009FCF1E /* BBTabBarController.swift */,
				65007BC32502245F009FCF1E /* BBNavigationController.swift */,
				65007BC125022367009FCF1E /* BaseViewController.swift */,
				654917B52519FAF500F05B0F /* BBWebViewController.swift */,
				6554E9AC251C7F4200DAEB25 /* BaseView.swift */,
			);
			path = Base;
			sourceTree = "<group>";
		};
		65007BC5250224DA009FCF1E /* Extensions */ = {
			isa = PBXGroup;
			children = (
				65459CE42511E1B600A62E8D /* Rx */,
				65007BD925022781009FCF1E /* UIKit */,
			);
			path = Extensions;
			sourceTree = "<group>";
		};
		65007BC6250224E8009FCF1E /* Tools */ = {
			isa = PBXGroup;
			children = (
				6549261E25207EA0004262D9 /* AutoInch */,
				65007C0325025475009FCF1E /* ObjectMapperTransform */,
				65007BF3250242D6009FCF1E /* Theme */,
				65007BD62502263A009FCF1E /* CGFloatLiteral */,
				65007BC7250224F8009FCF1E /* ManualLayout */,
			);
			path = Tools;
			sourceTree = "<group>";
		};
		65007BC7250224F8009FCF1E /* ManualLayout */ = {
			isa = PBXGroup;
			children = (
				65007BCE25022578009FCF1E /* CALayer+ManualLayout.swift */,
				65007BCA25022577009FCF1E /* CGRect+ManualLayout.swift */,
				65007BCD25022578009FCF1E /* HelperFunctions.swift */,
				65007BCB25022577009FCF1E /* SmartAssign.swift */,
				65007BCC25022578009FCF1E /* UIScrollView+ManualLayout.swift */,
				65007BC925022577009FCF1E /* UIView+ManualLayout.swift */,
				65007BC825022577009FCF1E /* UIViewController+ManualLayout.swift */,
			);
			path = ManualLayout;
			sourceTree = "<group>";
		};
		65007BD62502263A009FCF1E /* CGFloatLiteral */ = {
			isa = PBXGroup;
			children = (
				65007BD72502267E009FCF1E /* CGFloatLiteral.swift */,
			);
			path = CGFloatLiteral;
			sourceTree = "<group>";
		};
		65007BD925022781009FCF1E /* UIKit */ = {
			isa = PBXGroup;
			children = (
				65007C0125025188009FCF1E /* UIColor+Hex.swift */,
				654A7499250B443D00B3F91A /* UIImageView+Kingfisher.swift */,
				6549179C2519D1D900F05B0F /* UIView+Extension.swift */,
			);
			path = UIKit;
			sourceTree = "<group>";
		};
		65007BE62502290D009FCF1E /* Const */ = {
			isa = PBXGroup;
			children = (
				6554E9B0251C81BD00DAEB25 /* Font */,
				659CFCF2250605AB00787D3A /* Screen */,
				65007BE72502291F009FCF1E /* Image */,
			);
			path = Const;
			sourceTree = "<group>";
		};
		65007BE72502291F009FCF1E /* Image */ = {
			isa = PBXGroup;
			children = (
				65007BE825022930009FCF1E /* Image.swift */,
			);
			path = Image;
			sourceTree = "<group>";
		};
		65007BF3250242D6009FCF1E /* Theme */ = {
			isa = PBXGroup;
			children = (
				65007BF4250242EB009FCF1E /* ThemeModel.swift */,
				65007BF62502431F009FCF1E /* Theme.swift */,
				65007BFA2502499B009FCF1E /* ThemeManager.swift */,
			);
			path = Theme;
			sourceTree = "<group>";
		};
		65007BFC25024E96009FCF1E /* UserDefaultsManager */ = {
			isa = PBXGroup;
			children = (
				65007BFD25024EAE009FCF1E /* UserDefaultsManager.swift */,
				65007BFF25024ECF009FCF1E /* DefaultsKeys+UserDefaults.swift */,
			);
			path = UserDefaultsManager;
			sourceTree = "<group>";
		};
		65007C0325025475009FCF1E /* ObjectMapperTransform */ = {
			isa = PBXGroup;
			children = (
				65007C0425025493009FCF1E /* HexColorTransform.swift */,
			);
			path = ObjectMapperTransform;
			sourceTree = "<group>";
		};
		6532B7C22514BD4A0046FCA7 /* MoyaSugar */ = {
			isa = PBXGroup;
			children = (
			);
			path = MoyaSugar;
			sourceTree = "<group>";
		};
		65459CE32511DFBA00A62E8D /* NoConnectionView */ = {
			isa = PBXGroup;
			children = (
				65459CEA251204A600A62E8D /* NoConnectionView.swift */,
			);
			path = NoConnectionView;
			sourceTree = "<group>";
		};
		65459CE42511E1B600A62E8D /* Rx */ = {
			isa = PBXGroup;
			children = (
				65459CE52511E1CD00A62E8D /* MapAt.swift */,
			);
			path = Rx;
			sourceTree = "<group>";
		};
		65459CE72511F0C600A62E8D /* NetRequestManager */ = {
			isa = PBXGroup;
			children = (
				65459CE82511F0DD00A62E8D /* NetErrorManager.swift */,
				654917AA2519EE6000F05B0F /* LoadingManager.swift */,
			);
			path = NetRequestManager;
			sourceTree = "<group>";
		};
		65482D9D2510B2B40020D18A /* API */ = {
			isa = PBXGroup;
			children = (
				E0AD61942503A3830099F00D /* ConfigAPI.swift */,
				658A287B251DCDBD009D04A8 /* HomeAPI.swift */,
			);
			path = API;
			sourceTree = "<group>";
		};
		65482DA52510E0F90020D18A /* Core */ = {
			isa = PBXGroup;
			children = (
				65482DA32510BA700020D18A /* ErrorTracker.swift */,
				E000E8732504D6EB004EA1DA /* Network.swift */,
				65482D99251082E50020D18A /* Configuration.swift */,
				65482DA12510B7750020D18A /* ActivityIndicator.swift */,
				65459CE12511B51A00A62E8D /* NetworkError.swift */,
				654BDD362514A9810063F987 /* MapperParameterType.swift */,
				65D39A222518D40D00B1C12E /* NetworkLoggerPlugin.swift */,
				65D39A0F251897B900B1C12E /* TargetType+Rx.swift */,
			);
			path = Core;
			sourceTree = "<group>";
		};
		65482DA62510E1170020D18A /* Cacheable */ = {
			isa = PBXGroup;
			children = (
				65459CDD2511B2B000A62E8D /* Observable+Cache.swift */,
				65482DB62510EA8A0020D18A /* OnCache.swift */,
				65482DB02510E6700020D18A /* CachingKey+Moya.swift */,
				65482DB22510E72F0020D18A /* Single+Cache.swift */,
				65482DB42510E8280020D18A /* TargetType+Cache.swift */,
				65482DA72510E5730020D18A /* Storable */,
			);
			path = Cacheable;
			sourceTree = "<group>";
		};
		65482DA72510E5730020D18A /* Storable */ = {
			isa = PBXGroup;
			children = (
				65482DA82510E58D0020D18A /* Expirable.swift */,
				65482DAA2510E5AC0020D18A /* Expiry.swift */,
				65482DAC2510E5EC0020D18A /* StoringKey.swift */,
				65482DAE2510E6050020D18A /* Storable.swift */,
			);
			path = Storable;
			sourceTree = "<group>";
		};
		654917B02519F8AF00F05B0F /* PrivacyPolicyAlert */ = {
			isa = PBXGroup;
			children = (
				654917B12519F91200F05B0F /* PrivacyPolicyAlertView.swift */,
			);
			path = PrivacyPolicyAlert;
			sourceTree = "<group>";
		};
		6549261E25207EA0004262D9 /* AutoInch */ = {
			isa = PBXGroup;
			children = (
				65207AB225207F41000E05A3 /* Auto.swift */,
				65207AB525207F77000E05A3 /* Inch.swift */,
			);
			path = AutoInch;
			sourceTree = "<group>";
		};
		654A7496250B22C200B3F91A /* CacheManager */ = {
			isa = PBXGroup;
			children = (
				65A3F95C250F518600E77B8A /* RealmManager.swift */,
				654A7497250B22E900B3F91A /* SplashCacheManager.swift */,
				6568BE6F2521B4730093EF03 /* AdCacheManager.swift */,
			);
			path = CacheManager;
			sourceTree = "<group>";
		};
		6554E9B0251C81BD00DAEB25 /* Font */ = {
			isa = PBXGroup;
			children = (
				6554E9B1251C81C800DAEB25 /* Font.swift */,
			);
			path = Font;
			sourceTree = "<group>";
		};
		6568BE6E2521B44F0093EF03 /* LaunchAdManager */ = {
			isa = PBXGroup;
			children = (
				65A3F95F250F9FB700E77B8A /* AdInfoModel.swift */,
				6568BE732521E3A30093EF03 /* LaunchAdManager.swift */,
			);
			path = LaunchAdManager;
			sourceTree = "<group>";
		};
		659CFCEE250603C100787D3A /* Logger */ = {
			isa = PBXGroup;
			children = (
				659CFCEF2506041100787D3A /* Logger.swift */,
			);
			path = Logger;
			sourceTree = "<group>";
		};
		659CFCF2250605AB00787D3A /* Screen */ = {
			isa = PBXGroup;
			children = (
				659CFCF3250605D100787D3A /* Screen.swift */,
			);
			path = Screen;
			sourceTree = "<group>";
		};
		659CFD0625065E9B00787D3A /* NetStatusManager */ = {
			isa = PBXGroup;
			children = (
				659CFD0725065EE700787D3A /* NetStatusManager.swift */,
			);
			path = NetStatusManager;
			sourceTree = "<group>";
		};
		65A3F95E250F9F9200E77B8A /* LaunchAd */ = {
			isa = PBXGroup;
			children = (
				65207AB825208864000E05A3 /* LaunchAdBackgroundView.swift */,
				6571E5C32520A528005123AD /* LaunchAdVideoView.swift */,
				65207ABB252099D6000E05A3 /* LaunchAd.swift */,
				6571E5BD25209B50005123AD /* LaunchAdConfig.swift */,
				6571E5C02520A4CF005123AD /* LaunchAdViewController.swift */,
				6568BE6B2521AEA90093EF03 /* LaunchAdSkipButton.swift */,
			);
			path = LaunchAd;
			sourceTree = "<group>";
		};
		65D399A425186F4100B1C12E /* Mapper */ = {
			isa = PBXGroup;
			children = (
				65D399A525186F7700B1C12E /* Observable+ObjectMapper.swift */,
				65D399A92518759700B1C12E /* Single+MoyaObjectMapper.swift */,
				65D399AC251875F600B1C12E /* ObserverType+ObjectMapper.swift */,
			);
			path = Mapper;
			sourceTree = "<group>";
		};
		65F6023A24FF3F2B00D889BC = {
			isa = PBXGroup;
			children = (
				65007BAD25021F16009FCF1E /* Sources */,
				65007BB125021F8A009FCF1E /* Supporting Files */,
				65007BB025021F74009FCF1E /* Resource */,
				65F6024424FF3F2B00D889BC /* Products */,
				49D6515931F9FB241B8E3F43 /* Pods */,
				832FE350DA11C9153EAA54A9 /* Frameworks */,
			);
			sourceTree = "<group>";
		};
		65F6024424FF3F2B00D889BC /* Products */ = {
			isa = PBXGroup;
			children = (
				65F6024324FF3F2B00D889BC /* SwiftBilibili.app */,
			);
			name = Products;
			sourceTree = "<group>";
		};
		832FE350DA11C9153EAA54A9 /* Frameworks */ = {
			isa = PBXGroup;
			children = (
				9E0B08C7672E20DC98C42FE9 /* Pods_SwiftBilibili.framework */,
			);
			name = Frameworks;
			sourceTree = "<group>";
		};
		E000E86F2504CFFB004EA1DA /* Splash */ = {
			isa = PBXGroup;
			children = (
				65007BEA25022DB8009FCF1E /* SplashViewController.swift */,
				E000E8712504D054004EA1DA /* SplashInfoModel.swift */,
			);
			path = Splash;
			sourceTree = "<group>";
		};
		E000E8752504D803004EA1DA /* RequestParametersManager */ = {
			isa = PBXGroup;
			children = (
				E000E8762504D850004EA1DA /* RequestParamsManager.swift */,
			);
			path = RequestParametersManager;
			sourceTree = "<group>";
		};
		E000E87A2504ED00004EA1DA /* Services */ = {
			isa = PBXGroup;
			children = (
				65482D9D2510B2B40020D18A /* API */,
				E0AD61922503A3000099F00D /* Network */,
			);
			path = Services;
			sourceTree = "<group>";
		};
		E0848C04250281AF004F1E64 /* Controllers */ = {
			isa = PBXGroup;
			children = (
				65007BDC250227C2009FCF1E /* HomeMainViewController.swift */,
				E0848C052502838C004F1E64 /* HomeRecommendViewController.swift */,
			);
			path = Controllers;
			sourceTree = "<group>";
		};
		E0848C0725029421004F1E64 /* ToastManager */ = {
			isa = PBXGroup;
			children = (
				E0848C0825029443004F1E64 /* ToastManager.swift */,
			);
			path = ToastManager;
			sourceTree = "<group>";
		};
		E0AD61922503A3000099F00D /* Network */ = {
			isa = PBXGroup;
			children = (
				65459CDF2511B38500A62E8D /* Network+Cache.swift */,
				65D399A425186F4100B1C12E /* Mapper */,
				6532B7C22514BD4A0046FCA7 /* MoyaSugar */,
				65482DA62510E1170020D18A /* Cacheable */,
				65482DA52510E0F90020D18A /* Core */,
			);
			path = Network;
			sourceTree = "<group>";
		};
/* End PBXGroup section */

/* Begin PBXNativeTarget section */
		65F6024224FF3F2B00D889BC /* SwiftBilibili */ = {
			isa = PBXNativeTarget;
			buildConfigurationList = 65F6025724FF3F2D00D889BC /* Build configuration list for PBXNativeTarget "SwiftBilibili" */;
			buildPhases = (
				31AE1FDE2129C95F1F45BC27 /* [CP] Check Pods Manifest.lock */,
				654924D725205F9C004262D9 /* ShellScript */,
				65F6023F24FF3F2B00D889BC /* Sources */,
				65F6024024FF3F2B00D889BC /* Frameworks */,
				65F6024124FF3F2B00D889BC /* Resources */,
				5574B0D43655AA5B3621D9F3 /* [CP] Embed Pods Frameworks */,
			);
			buildRules = (
			);
			dependencies = (
			);
			name = SwiftBilibili;
			productName = SwiftBilibili;
			productReference = 65F6024324FF3F2B00D889BC /* SwiftBilibili.app */;
			productType = "com.apple.product-type.application";
		};
/* End PBXNativeTarget section */

/* Begin PBXProject section */
		65F6023B24FF3F2B00D889BC /* Project object */ = {
			isa = PBXProject;
			attributes = {
				LastSwiftUpdateCheck = 1160;
				LastUpgradeCheck = 1160;
				ORGANIZATIONNAME = luowen;
				TargetAttributes = {
					65F6024224FF3F2B00D889BC = {
						CreatedOnToolsVersion = 11.6;
					};
				};
			};
			buildConfigurationList = 65F6023E24FF3F2B00D889BC /* Build configuration list for PBXProject "SwiftBilibili" */;
			compatibilityVersion = "Xcode 9.3";
			developmentRegion = en;
			hasScannedForEncodings = 0;
			knownRegions = (
				en,
				Base,
			);
			mainGroup = 65F6023A24FF3F2B00D889BC;
			productRefGroup = 65F6024424FF3F2B00D889BC /* Products */;
			projectDirPath = "";
			projectRoot = "";
			targets = (
				65F6024224FF3F2B00D889BC /* SwiftBilibili */,
			);
		};
/* End PBXProject section */

/* Begin PBXResourcesBuildPhase section */
		65F6024124FF3F2B00D889BC /* Resources */ = {
			isa = PBXResourcesBuildPhase;
			buildActionMask = 2147483647;
			files = (
				65F6025324FF3F2D00D889BC /* LaunchScreen.storyboard in Resources */,
				65F6025024FF3F2D00D889BC /* Assets.xcassets in Resources */,
				65007BF925024632009FCF1E /* MainStyle.json in Resources */,
				6549257C252064BD004262D9 /* launcher_logo_2020@3x.png in Resources */,
				6549257B252064BD004262D9 /* launcher_logo_2020@2x.png in Resources */,
			);
			runOnlyForDeploymentPostprocessing = 0;
		};
/* End PBXResourcesBuildPhase section */

/* Begin PBXShellScriptBuildPhase section */
		31AE1FDE2129C95F1F45BC27 /* [CP] Check Pods Manifest.lock */ = {
			isa = PBXShellScriptBuildPhase;
			buildActionMask = 2147483647;
			files = (
			);
			inputFileListPaths = (
			);
			inputPaths = (
				"${PODS_PODFILE_DIR_PATH}/Podfile.lock",
				"${PODS_ROOT}/Manifest.lock",
			);
			name = "[CP] Check Pods Manifest.lock";
			outputFileListPaths = (
			);
			outputPaths = (
				"$(DERIVED_FILE_DIR)/Pods-SwiftBilibili-checkManifestLockResult.txt",
			);
			runOnlyForDeploymentPostprocessing = 0;
			shellPath = /bin/sh;
			shellScript = "diff \"${PODS_PODFILE_DIR_PATH}/Podfile.lock\" \"${PODS_ROOT}/Manifest.lock\" > /dev/null\nif [ $? != 0 ] ; then\n    # print error to STDERR\n    echo \"error: The sandbox is not in sync with the Podfile.lock. Run 'pod install' or update your CocoaPods installation.\" >&2\n    exit 1\nfi\n# This output is used by Xcode 'outputs' to avoid re-running this script phase.\necho \"SUCCESS\" > \"${SCRIPT_OUTPUT_FILE_0}\"\n";
			showEnvVarsInLog = 0;
		};
		5574B0D43655AA5B3621D9F3 /* [CP] Embed Pods Frameworks */ = {
			isa = PBXShellScriptBuildPhase;
			buildActionMask = 2147483647;
			files = (
			);
			inputFileListPaths = (
				"${PODS_ROOT}/Target Support Files/Pods-SwiftBilibili/Pods-SwiftBilibili-frameworks-${CONFIGURATION}-input-files.xcfilelist",
			);
			name = "[CP] Embed Pods Frameworks";
			outputFileListPaths = (
				"${PODS_ROOT}/Target Support Files/Pods-SwiftBilibili/Pods-SwiftBilibili-frameworks-${CONFIGURATION}-output-files.xcfilelist",
			);
			runOnlyForDeploymentPostprocessing = 0;
			shellPath = /bin/sh;
			shellScript = "\"${PODS_ROOT}/Target Support Files/Pods-SwiftBilibili/Pods-SwiftBilibili-frameworks.sh\"\n";
			showEnvVarsInLog = 0;
		};
		654924D725205F9C004262D9 /* ShellScript */ = {
			isa = PBXShellScriptBuildPhase;
			buildActionMask = 2147483647;
			files = (
			);
			inputFileListPaths = (
			);
			inputPaths = (
				"",
			);
			outputFileListPaths = (
			);
			outputPaths = (
				"",
			);
			runOnlyForDeploymentPostprocessing = 0;
			shellPath = /bin/sh;
			shellScript = "\"${PODS_ROOT}/SwiftLint/swiftlint\"\n";
		};
/* End PBXShellScriptBuildPhase section */

/* Begin PBXSourcesBuildPhase section */
		65F6023F24FF3F2B00D889BC /* Sources */ = {
			isa = PBXSourcesBuildPhase;
			buildActionMask = 2147483647;
			files = (
				65007BFB2502499B009FCF1E /* ThemeManager.swift in Sources */,
				65007BF5250242EB009FCF1E /* ThemeModel.swift in Sources */,
				6554E9B2251C81C800DAEB25 /* Font.swift in Sources */,
				65007BE12502284A009FCF1E /* DynamicViewController.swift in Sources */,
				E000E8722504D054004EA1DA /* SplashInfoModel.swift in Sources */,
				65482DA42510BA700020D18A /* ErrorTracker.swift in Sources */,
				654917AB2519EE6000F05B0F /* LoadingManager.swift in Sources */,
				65482DB52510E8280020D18A /* TargetType+Cache.swift in Sources */,
				65482DB72510EA8A0020D18A /* OnCache.swift in Sources */,
				654BDD372514A9810063F987 /* MapperParameterType.swift in Sources */,
				65007BDF250227E7009FCF1E /* ChannelViewController.swift in Sources */,
				65207ABC252099D6000E05A3 /* LaunchAd.swift in Sources */,
				65A3F95D250F518600E77B8A /* RealmManager.swift in Sources */,
				65007BE325022857009FCF1E /* MemberViewController.swift in Sources */,
				E0AD61952503A3830099F00D /* ConfigAPI.swift in Sources */,
				65007BE525022864009FCF1E /* MineViewController.swift in Sources */,
				65482DAD2510E5EC0020D18A /* StoringKey.swift in Sources */,
				65007BD225022578009FCF1E /* SmartAssign.swift in Sources */,
				6568BE6C2521AEA90093EF03 /* LaunchAdSkipButton.swift in Sources */,
				65482D9A251082E50020D18A /* Configuration.swift in Sources */,
				65007BEB25022DB8009FCF1E /* SplashViewController.swift in Sources */,
				654A749A250B443D00B3F91A /* UIImageView+Kingfisher.swift in Sources */,
				65D39A232518D40D00B1C12E /* NetworkLoggerPlugin.swift in Sources */,
				65482DAF2510E6050020D18A /* Storable.swift in Sources */,
				65007BCF25022578009FCF1E /* UIViewController+ManualLayout.swift in Sources */,
				65482DB12510E6700020D18A /* CachingKey+Moya.swift in Sources */,
				65459CE02511B38500A62E8D /* Network+Cache.swift in Sources */,
				65007C0225025188009FCF1E /* UIColor+Hex.swift in Sources */,
				E000E8772504D850004EA1DA /* RequestParamsManager.swift in Sources */,
				65D399A625186F7700B1C12E /* Observable+ObjectMapper.swift in Sources */,
				6571E5BE25209B50005123AD /* LaunchAdConfig.swift in Sources */,
				65482DA22510B7750020D18A /* ActivityIndicator.swift in Sources */,
				65007BC42502245F009FCF1E /* BBNavigationController.swift in Sources */,
				65007BB325022019009FCF1E /* CompositionRoot.swift in Sources */,
				65D39A10251897B900B1C12E /* TargetType+Rx.swift in Sources */,
				65459CE62511E1CD00A62E8D /* MapAt.swift in Sources */,
				654917B22519F91200F05B0F /* PrivacyPolicyAlertView.swift in Sources */,
				65918A6C25233879007A0433 /* Utils.swift in Sources */,
				E0848C062502838C004F1E64 /* HomeRecommendViewController.swift in Sources */,
				65459CEB251204A600A62E8D /* NoConnectionView.swift in Sources */,
				65207AB925208864000E05A3 /* LaunchAdBackgroundView.swift in Sources */,
				65007BD125022578009FCF1E /* CGRect+ManualLayout.swift in Sources */,
				658A287C251DCDBD009D04A8 /* HomeAPI.swift in Sources */,
				65482DA92510E58D0020D18A /* Expirable.swift in Sources */,
				65207AB625207F77000E05A3 /* Inch.swift in Sources */,
				65007BD525022578009FCF1E /* CALayer+ManualLayout.swift in Sources */,
				659CFCF4250605D100787D3A /* Screen.swift in Sources */,
				65482DB32510E72F0020D18A /* Single+Cache.swift in Sources */,
				65F6024724FF3F2B00D889BC /* AppDelegate.swift in Sources */,
				6554E9AD251C7F4200DAEB25 /* BaseView.swift in Sources */,
				65007C0525025493009FCF1E /* HexColorTransform.swift in Sources */,
				65482DAB2510E5AC0020D18A /* Expiry.swift in Sources */,
				E000E8742504D6EB004EA1DA /* Network.swift in Sources */,
				65007BFE25024EAE009FCF1E /* UserDefaultsManager.swift in Sources */,
				65459CE92511F0DD00A62E8D /* NetErrorManager.swift in Sources */,
				65007BD025022578009FCF1E /* UIView+ManualLayout.swift in Sources */,
				654917B62519FAF500F05B0F /* BBWebViewController.swift in Sources */,
				65D399AD251875F600B1C12E /* ObserverType+ObjectMapper.swift in Sources */,
				659CFD0825065EE700787D3A /* NetStatusManager.swift in Sources */,
				6549179D2519D1D900F05B0F /* UIView+Extension.swift in Sources */,
				6568BE742521E3A30093EF03 /* LaunchAdManager.swift in Sources */,
				65459CE22511B51A00A62E8D /* NetworkError.swift in Sources */,
				65D399AA2518759700B1C12E /* Single+MoyaObjectMapper.swift in Sources */,
				65207AB325207F41000E05A3 /* Auto.swift in Sources */,
				65459CDE2511B2B000A62E8D /* Observable+Cache.swift in Sources */,
				65A3F960250F9FB700E77B8A /* AdInfoModel.swift in Sources */,
				65007BC025022348009FCF1E /* BBTabBarController.swift in Sources */,
				659CFCF02506041100787D3A /* Logger.swift in Sources */,
				65007BF72502431F009FCF1E /* Theme.swift in Sources */,
				6571E5C12520A4CF005123AD /* LaunchAdViewController.swift in Sources */,
				E0848C0925029443004F1E64 /* ToastManager.swift in Sources */,
				65007BE925022930009FCF1E /* Image.swift in Sources */,
				6568BE702521B4730093EF03 /* AdCacheManager.swift in Sources */,
				65007BC225022367009FCF1E /* BaseViewController.swift in Sources */,
				65007BD82502267E009FCF1E /* CGFloatLiteral.swift in Sources */,
				65007BDD250227C2009FCF1E /* HomeMainViewController.swift in Sources */,
				6571E5C42520A528005123AD /* LaunchAdVideoView.swift in Sources */,
				654A7498250B22E900B3F91A /* SplashCacheManager.swift in Sources */,
				65007BD425022578009FCF1E /* HelperFunctions.swift in Sources */,
				65007BD325022578009FCF1E /* UIScrollView+ManualLayout.swift in Sources */,
				65007C0025024ECF009FCF1E /* DefaultsKeys+UserDefaults.swift in Sources */,
			);
			runOnlyForDeploymentPostprocessing = 0;
		};
/* End PBXSourcesBuildPhase section */

/* Begin PBXVariantGroup section */
		65F6025124FF3F2D00D889BC /* LaunchScreen.storyboard */ = {
			isa = PBXVariantGroup;
			children = (
				65F6025224FF3F2D00D889BC /* Base */,
			);
			name = LaunchScreen.storyboard;
			sourceTree = "<group>";
		};
/* End PBXVariantGroup section */

/* Begin XCBuildConfiguration section */
		65F6025524FF3F2D00D889BC /* Debug */ = {
			isa = XCBuildConfiguration;
			buildSettings = {
				ALWAYS_SEARCH_USER_PATHS = NO;
				CLANG_ANALYZER_NONNULL = YES;
				CLANG_ANALYZER_NUMBER_OBJECT_CONVERSION = YES_AGGRESSIVE;
				CLANG_CXX_LANGUAGE_STANDARD = "gnu++14";
				CLANG_CXX_LIBRARY = "libc++";
				CLANG_ENABLE_MODULES = YES;
				CLANG_ENABLE_OBJC_ARC = YES;
				CLANG_ENABLE_OBJC_WEAK = YES;
				CLANG_WARN_BLOCK_CAPTURE_AUTORELEASING = YES;
				CLANG_WARN_BOOL_CONVERSION = YES;
				CLANG_WARN_COMMA = YES;
				CLANG_WARN_CONSTANT_CONVERSION = YES;
				CLANG_WARN_DEPRECATED_OBJC_IMPLEMENTATIONS = YES;
				CLANG_WARN_DIRECT_OBJC_ISA_USAGE = YES_ERROR;
				CLANG_WARN_DOCUMENTATION_COMMENTS = YES;
				CLANG_WARN_EMPTY_BODY = YES;
				CLANG_WARN_ENUM_CONVERSION = YES;
				CLANG_WARN_INFINITE_RECURSION = YES;
				CLANG_WARN_INT_CONVERSION = YES;
				CLANG_WARN_NON_LITERAL_NULL_CONVERSION = YES;
				CLANG_WARN_OBJC_IMPLICIT_RETAIN_SELF = YES;
				CLANG_WARN_OBJC_LITERAL_CONVERSION = YES;
				CLANG_WARN_OBJC_ROOT_CLASS = YES_ERROR;
				CLANG_WARN_RANGE_LOOP_ANALYSIS = YES;
				CLANG_WARN_STRICT_PROTOTYPES = YES;
				CLANG_WARN_SUSPICIOUS_MOVE = YES;
				CLANG_WARN_UNGUARDED_AVAILABILITY = YES_AGGRESSIVE;
				CLANG_WARN_UNREACHABLE_CODE = YES;
				CLANG_WARN__DUPLICATE_METHOD_MATCH = YES;
				COPY_PHASE_STRIP = NO;
				DEBUG_INFORMATION_FORMAT = dwarf;
				ENABLE_STRICT_OBJC_MSGSEND = YES;
				ENABLE_TESTABILITY = YES;
				GCC_C_LANGUAGE_STANDARD = gnu11;
				GCC_DYNAMIC_NO_PIC = NO;
				GCC_NO_COMMON_BLOCKS = YES;
				GCC_OPTIMIZATION_LEVEL = 0;
				GCC_PREPROCESSOR_DEFINITIONS = (
					"DEBUG=1",
					"$(inherited)",
				);
				GCC_WARN_64_TO_32_BIT_CONVERSION = YES;
				GCC_WARN_ABOUT_RETURN_TYPE = YES_ERROR;
				GCC_WARN_UNDECLARED_SELECTOR = YES;
				GCC_WARN_UNINITIALIZED_AUTOS = YES_AGGRESSIVE;
				GCC_WARN_UNUSED_FUNCTION = YES;
				GCC_WARN_UNUSED_VARIABLE = YES;
				IPHONEOS_DEPLOYMENT_TARGET = 10.0;
				MTL_ENABLE_DEBUG_INFO = INCLUDE_SOURCE;
				MTL_FAST_MATH = YES;
				ONLY_ACTIVE_ARCH = YES;
				SDKROOT = iphoneos;
				SWIFT_ACTIVE_COMPILATION_CONDITIONS = DEBUG;
				SWIFT_OPTIMIZATION_LEVEL = "-Onone";
			};
			name = Debug;
		};
		65F6025624FF3F2D00D889BC /* Release */ = {
			isa = XCBuildConfiguration;
			buildSettings = {
				ALWAYS_SEARCH_USER_PATHS = NO;
				CLANG_ANALYZER_NONNULL = YES;
				CLANG_ANALYZER_NUMBER_OBJECT_CONVERSION = YES_AGGRESSIVE;
				CLANG_CXX_LANGUAGE_STANDARD = "gnu++14";
				CLANG_CXX_LIBRARY = "libc++";
				CLANG_ENABLE_MODULES = YES;
				CLANG_ENABLE_OBJC_ARC = YES;
				CLANG_ENABLE_OBJC_WEAK = YES;
				CLANG_WARN_BLOCK_CAPTURE_AUTORELEASING = YES;
				CLANG_WARN_BOOL_CONVERSION = YES;
				CLANG_WARN_COMMA = YES;
				CLANG_WARN_CONSTANT_CONVERSION = YES;
				CLANG_WARN_DEPRECATED_OBJC_IMPLEMENTATIONS = YES;
				CLANG_WARN_DIRECT_OBJC_ISA_USAGE = YES_ERROR;
				CLANG_WARN_DOCUMENTATION_COMMENTS = YES;
				CLANG_WARN_EMPTY_BODY = YES;
				CLANG_WARN_ENUM_CONVERSION = YES;
				CLANG_WARN_INFINITE_RECURSION = YES;
				CLANG_WARN_INT_CONVERSION = YES;
				CLANG_WARN_NON_LITERAL_NULL_CONVERSION = YES;
				CLANG_WARN_OBJC_IMPLICIT_RETAIN_SELF = YES;
				CLANG_WARN_OBJC_LITERAL_CONVERSION = YES;
				CLANG_WARN_OBJC_ROOT_CLASS = YES_ERROR;
				CLANG_WARN_RANGE_LOOP_ANALYSIS = YES;
				CLANG_WARN_STRICT_PROTOTYPES = YES;
				CLANG_WARN_SUSPICIOUS_MOVE = YES;
				CLANG_WARN_UNGUARDED_AVAILABILITY = YES_AGGRESSIVE;
				CLANG_WARN_UNREACHABLE_CODE = YES;
				CLANG_WARN__DUPLICATE_METHOD_MATCH = YES;
				COPY_PHASE_STRIP = NO;
				DEBUG_INFORMATION_FORMAT = "dwarf-with-dsym";
				ENABLE_NS_ASSERTIONS = NO;
				ENABLE_STRICT_OBJC_MSGSEND = YES;
				GCC_C_LANGUAGE_STANDARD = gnu11;
				GCC_NO_COMMON_BLOCKS = YES;
				GCC_WARN_64_TO_32_BIT_CONVERSION = YES;
				GCC_WARN_ABOUT_RETURN_TYPE = YES_ERROR;
				GCC_WARN_UNDECLARED_SELECTOR = YES;
				GCC_WARN_UNINITIALIZED_AUTOS = YES_AGGRESSIVE;
				GCC_WARN_UNUSED_FUNCTION = YES;
				GCC_WARN_UNUSED_VARIABLE = YES;
				IPHONEOS_DEPLOYMENT_TARGET = 10.0;
				MTL_ENABLE_DEBUG_INFO = NO;
				MTL_FAST_MATH = YES;
				SDKROOT = iphoneos;
				SWIFT_COMPILATION_MODE = wholemodule;
				SWIFT_OPTIMIZATION_LEVEL = "-O";
				VALIDATE_PRODUCT = YES;
			};
			name = Release;
		};
		65F6025824FF3F2D00D889BC /* Debug */ = {
			isa = XCBuildConfiguration;
			baseConfigurationReference = C566B690F17EA54C0F240AFC /* Pods-SwiftBilibili.debug.xcconfig */;
			buildSettings = {
				ASSETCATALOG_COMPILER_APPICON_NAME = AppIcon;
				CODE_SIGN_STYLE = Automatic;
				DEVELOPMENT_TEAM = 6T74XGPCUP;
				INFOPLIST_FILE = "Supporting Files/Info.plist";
				IPHONEOS_DEPLOYMENT_TARGET = 10.0;
				LD_RUNPATH_SEARCH_PATHS = (
					"$(inherited)",
					"@executable_path/Frameworks",
				);
				PRODUCT_BUNDLE_IDENTIFIER = luowen.SwiftBilibili;
				PRODUCT_NAME = "$(TARGET_NAME)";
				SWIFT_ENABLE_BATCH_MODE = NO;
				SWIFT_VERSION = 5.0;
				TARGETED_DEVICE_FAMILY = "1,2";
			};
			name = Debug;
		};
		65F6025924FF3F2D00D889BC /* Release */ = {
			isa = XCBuildConfiguration;
			baseConfigurationReference = 372EC8BF2DBBACAD60C6940B /* Pods-SwiftBilibili.release.xcconfig */;
			buildSettings = {
				ASSETCATALOG_COMPILER_APPICON_NAME = AppIcon;
				CODE_SIGN_STYLE = Automatic;
				DEVELOPMENT_TEAM = 6T74XGPCUP;
				INFOPLIST_FILE = "Supporting Files/Info.plist";
				IPHONEOS_DEPLOYMENT_TARGET = 10.0;
				LD_RUNPATH_SEARCH_PATHS = (
					"$(inherited)",
					"@executable_path/Frameworks",
				);
				PRODUCT_BUNDLE_IDENTIFIER = luowen.SwiftBilibili;
				PRODUCT_NAME = "$(TARGET_NAME)";
				SWIFT_ENABLE_BATCH_MODE = NO;
				SWIFT_VERSION = 5.0;
				TARGETED_DEVICE_FAMILY = "1,2";
			};
			name = Release;
		};
/* End XCBuildConfiguration section */

/* Begin XCConfigurationList section */
		65F6023E24FF3F2B00D889BC /* Build configuration list for PBXProject "SwiftBilibili" */ = {
			isa = XCConfigurationList;
			buildConfigurations = (
				65F6025524FF3F2D00D889BC /* Debug */,
				65F6025624FF3F2D00D889BC /* Release */,
			);
			defaultConfigurationIsVisible = 0;
			defaultConfigurationName = Release;
		};
		65F6025724FF3F2D00D889BC /* Build configuration list for PBXNativeTarget "SwiftBilibili" */ = {
			isa = XCConfigurationList;
			buildConfigurations = (
				65F6025824FF3F2D00D889BC /* Debug */,
				65F6025924FF3F2D00D889BC /* Release */,
			);
			defaultConfigurationIsVisible = 0;
			defaultConfigurationName = Release;
		};
/* End XCConfigurationList section */
	};
	rootObject = 65F6023B24FF3F2B00D889BC /* Project object */;
}
